{
  "name": "@scaffold-eth/monorepo",
  "version": "1.0.0",
  "lockfileVersion": 1,
  "requires": true,
  "dependencies": {
    "@nomiclabs/hardhat-ethers": {
      "version": "2.0.5",
      "resolved": "https://registry.npmjs.org/@nomiclabs/hardhat-ethers/-/hardhat-ethers-2.0.5.tgz",
      "integrity": "sha512-A2gZAGB6kUvLx+kzM92HKuUF33F1FSe90L0TmkXkT2Hh0OKRpvWZURUSU2nghD2yC4DzfEZ3DftfeHGvZ2JTUw==",
      "dev": true
    }
  }
}
